
Microsoft Visual Studio Solution File, Format Version 12.00
Project("{FAE04EC0-301F-11D3-BF4B-00C04F79EFBC}") = "FooFuuApp", "FooFuuApp\FooFuuApp.csproj", "{129C8943-0058-4D11-B823-ACD89B19312D}"
EndProject
Project("{FAE04EC0-301F-11D3-BF4B-00C04F79EFBC}") = "FooFuu.Core", "FooFuu.Core\FooFuu.Core.csproj", "{D72F17AA-63F2-4214-B522-EBB2DBAECBB4}"
EndProject
Global
	GlobalSection(SolutionConfigurationPlatforms) = preSolution
		Debug|Any CPU = Debug|Any CPU
		Release|Any CPU = Release|Any CPU
	EndGlobalSection
	GlobalSection(ProjectConfigurationPlatforms) = postSolution
		{129C8943-0058-4D11-B823-ACD89B19312D}.Debug|Any CPU.ActiveCfg = Debug|Any CPU
		{129C8943-0058-4D11-B823-ACD89B19312D}.Debug|Any CPU.Build.0 = Debug|Any CPU
		{129C8943-0058-4D11-B823-ACD89B19312D}.Release|Any CPU.ActiveCfg = Release|Any CPU
		{129C8943-0058-4D11-B823-ACD89B19312D}.Release|Any CPU.Build.0 = Release|Any CPU
		{D72F17AA-63F2-4214-B522-EBB2DBAECBB4}.Debug|Any CPU.ActiveCfg = Debug|Any CPU
		{D72F17AA-63F2-4214-B522-EBB2DBAECBB4}.Debug|Any CPU.Build.0 = Debug|Any CPU
		{D72F17AA-63F2-4214-B522-EBB2DBAECBB4}.Release|Any CPU.ActiveCfg = Release|Any CPU
		{D72F17AA-63F2-4214-B522-EBB2DBAECBB4}.Release|Any CPU.Build.0 = Release|Any CPU
	EndGlobalSection
EndGlobal
